// !$*UTF8*$!
{
	archiveVersion = 1;
	classes = {
	};
	objectVersion = 46;
	objects = {

/* Begin PBXBuildFile section */
		74DA27241C9CA64F0032AE64 /* AppDelegate.swift in Sources */ = {isa = PBXBuildFile; fileRef = 74DA27231C9CA64F0032AE64 /* AppDelegate.swift */; };
		74DA27261C9CA64F0032AE64 /* ViewController.swift in Sources */ = {isa = PBXBuildFile; fileRef = 74DA27251C9CA64F0032AE64 /* ViewController.swift */; };
		74DA27291C9CA64F0032AE64 /* Main.storyboard in Resources */ = {isa = PBXBuildFile; fileRef = 74DA27271C9CA64F0032AE64 /* Main.storyboard */; };
		74DA272B1C9CA64F0032AE64 /* Assets.xcassets in Resources */ = {isa = PBXBuildFile; fileRef = 74DA272A1C9CA64F0032AE64 /* Assets.xcassets */; };
		74DA272E1C9CA64F0032AE64 /* LaunchScreen.storyboard in Resources */ = {isa = PBXBuildFile; fileRef = 74DA272C1C9CA64F0032AE64 /* LaunchScreen.storyboard */; };
		74DA27391C9CA64F0032AE64 /* Shoe_converterTests.swift in Sources */ = {isa = PBXBuildFile; fileRef = 74DA27381C9CA64F0032AE64 /* Shoe_converterTests.swift */; };
		74DA27441C9CA64F0032AE64 /* Shoe_converterUITests.swift in Sources */ = {isa = PBXBuildFile; fileRef = 74DA27431C9CA64F0032AE64 /* Shoe_converterUITests.swift */; };
/* End PBXBuildFile section */

/* Begin PBXContainerItemProxy section */
		74DA27351C9CA64F0032AE64 /* PBXContainerItemProxy */ = {
			isa = PBXContainerItemProxy;
			containerPortal = 74DA27181C9CA64F0032AE64 /* Project object */;
			proxyType = 1;
			remoteGlobalIDString = 74DA271F1C9CA64F0032AE64;
			remoteInfo = "Shoe converter";
		};
		74DA27401C9CA64F0032AE64 /* PBXContainerItemProxy */ = {
			isa = PBXContainerItemProxy;
			containerPortal = 74DA27181C9CA64F0032AE64 /* Project object */;
			proxyType = 1;
			remoteGlobalIDString = 74DA271F1C9CA64F0032AE64;
			remoteInfo = "Shoe converter";
		};
/* End PBXContainerItemProxy section */

/* Begin PBXFileReference section */
		74DA27201C9CA64F0032AE64 /* Shoe converter.app */ = {isa = PBXFileReference; explicitFileType = wrapper.application; includeInIndex = 0; path = "Shoe converter.app"; sourceTree = BUILT_PRODUCTS_DIR; };
		74DA27231C9CA64F0032AE64 /* AppDelegate.swift */ = {isa = PBXFileReference; lastKnownFileType = sourcecode.swift; path = AppDelegate.swift; sourceTree = "<group>"; };
		74DA27251C9CA64F0032AE64 /* ViewController.swift */ = {isa = PBXFileReference; lastKnownFileType = sourcecode.swift; path = ViewController.swift; sourceTree = "<group>"; };
		74DA27281C9CA64F0032AE64 /* Base */ = {isa = PBXFileReference; lastKnownFileType = file.storyboard; name = Base; path = Base.lproj/Main.storyboard; sourceTree = "<group>"; };
		74DA272A1C9CA64F0032AE64 /* Assets.xcassets */ = {isa = PBXFileReference; lastKnownFileType = folder.assetcatalog; path = Assets.xcassets; sourceTree = "<group>"; };
		74DA272D1C9CA64F0032AE64 /* Base */ = {isa = PBXFileReference; lastKnownFileType = file.storyboard; name = Base; path = Base.lproj/LaunchScreen.storyboard; sourceTree = "<group>"; };
		74DA272F1C9CA64F0032AE64 /* Info.plist */ = {isa = PBXFileReference; lastKnownFileType = text.plist.xml; path = Info.plist; sourceTree = "<group>"; };
		74DA27341C9CA64F0032AE64 /* Shoe converterTests.xctest */ = {isa = PBXFileReference; explicitFileType = wrapper.cfbundle; includeInIndex = 0; path = "Shoe converterTests.xctest"; sourceTree = BUILT_PRODUCTS_DIR; };
		74DA27381C9CA64F0032AE64 /* Shoe_converterTests.swift */ = {isa = PBXFileReference; lastKnownFileType = sourcecode.swift; path = Shoe_converterTests.swift; sourceTree = "<group>"; };
		74DA273A1C9CA64F0032AE64 /* Info.plist */ = {isa = PBXFileReference; lastKnownFileType = text.plist.xml; path = Info.plist; sourceTree = "<group>"; };
		74DA273F1C9CA64F0032AE64 /* Shoe converterUITests.xctest */ = {isa = PBXFileReference; explicitFileType = wrapper.cfbundle; includeInIndex = 0; path = "Shoe converterUITests.xctest"; sourceTree = BUILT_PRODUCTS_DIR; };
		74DA27431C9CA64F0032AE64 /* Shoe_converterUITests.swift */ = {isa = PBXFileReference; lastKnownFileType = sourcecode.swift; path = Shoe_converterUITests.swift; sourceTree = "<group>"; };
		74DA27451C9CA64F0032AE64 /* Info.plist */ = {isa = PBXFileReference; lastKnownFileType = text.plist.xml; path = Info.plist; sourceTree = "<group>"; };
/* End PBXFileReference section */

/* Begin PBXFrameworksBuildPhase section */
		74DA271D1C9CA64F0032AE64 /* Frameworks */ = {
			isa = PBXFrameworksBuildPhase;
			buildActionMask = 2147483647;
			files = (
			);
			runOnlyForDeploymentPostprocessing = 0;
		};
		74DA27311C9CA64F0032AE64 /* Frameworks */ = {
			isa = PBXFrameworksBuildPhase;
			buildActionMask = 2147483647;
			files = (
			);
			runOnlyForDeploymentPostprocessing = 0;
		};
		74DA273C1C9CA64F0032AE64 /* Frameworks */ = {
			isa = PBXFrameworksBuildPhase;
			buildActionMask = 2147483647;
			files = (
			);
			runOnlyForDeploymentPostprocessing = 0;
		};
/* End PBXFrameworksBuildPhase section */

/* Begin PBXGroup section */
		74DA27171C9CA64F0032AE64 = {
			isa = PBXGroup;
			children = (
				74DA27221C9CA64F0032AE64 /* Shoe converter */,
				74DA27371C9CA64F0032AE64 /* Shoe converterTests */,
				74DA27421C9CA64F0032AE64 /* Shoe converterUITests */,
				74DA27211C9CA64F0032AE64 /* Products */,
			);
			sourceTree = "<group>";
		};
		74DA27211C9CA64F0032AE64 /* Products */ = {
			isa = PBXGroup;
			children = (
				74DA27201C9CA64F0032AE64 /* Shoe converter.app */,
				74DA27341C9CA64F0032AE64 /* Shoe converterTests.xctest */,
				74DA273F1C9CA64F0032AE64 /* Shoe converterUITests.xctest */,
			);
			name = Products;
			sourceTree = "<group>";
		};
		74DA27221C9CA64F0032AE64 /* Shoe converter */ = {
			isa = PBXGroup;
			children = (
				74DA27231C9CA64F0032AE64 /* AppDelegate.swift */,
				74DA27251C9CA64F0032AE64 /* ViewController.swift */,
				74DA27271C9CA64F0032AE64 /* Main.storyboard */,
				74DA272A1C9CA64F0032AE64 /* Assets.xcassets */,
				74DA272C1C9CA64F0032AE64 /* LaunchScreen.storyboard */,
				74DA272F1C9CA64F0032AE64 /* Info.plist */,
			);
			path = "Shoe converter";
			sourceTree = "<group>";
		};
		74DA27371C9CA64F0032AE64 /* Shoe converterTests */ = {
			isa = PBXGroup;
			children = (
				74DA27381C9CA64F0032AE64 /* Shoe_converterTests.swift */,
				74DA273A1C9CA64F0032AE64 /* Info.plist */,
			);
			path = "Shoe converterTests";
			sourceTree = "<group>";
		};
		74DA27421C9CA64F0032AE64 /* Shoe converterUITests */ = {
			isa = PBXGroup;
			children = (
				74DA27431C9CA64F0032AE64 /* Shoe_converterUITests.swift */,
				74DA27451C9CA64F0032AE64 /* Info.plist */,
			);
			path = "Shoe converterUITests";
			sourceTree = "<group>";
		};
/* End PBXGroup section */

/* Begin PBXNativeTarget section */
		74DA271F1C9CA64F0032AE64 /* Shoe converter */ = {
			isa = PBXNativeTarget;
			buildConfigurationList = 74DA27481C9CA64F0032AE64 /* Build configuration list for PBXNativeTarget "Shoe converter" */;
			buildPhases = (
				74DA271C1C9CA64F0032AE64 /* Sources */,
				74DA271D1C9CA64F0032AE64 /* Frameworks */,
				74DA271E1C9CA64F0032AE64 /* Resources */,
			);
			buildRules = (
			);
			dependencies = (
			);
			name = "Shoe converter";
			productName = "Shoe converter";
			productReference = 74DA27201C9CA64F0032AE64 /* Shoe converter.app */;
			productType = "com.apple.product-type.application";
		};
		74DA27331C9CA64F0032AE64 /* Shoe converterTests */ = {
			isa = PBXNativeTarget;
			buildConfigurationList = 74DA274B1C9CA64F0032AE64 /* Build configuration list for PBXNativeTarget "Shoe converterTests" */;
			buildPhases = (
				74DA27301C9CA64F0032AE64 /* Sources */,
				74DA27311C9CA64F0032AE64 /* Frameworks */,
				74DA27321C9CA64F0032AE64 /* Resources */,
			);
			buildRules = (
			);
			dependencies = (
				74DA27361C9CA64F0032AE64 /* PBXTargetDependency */,
			);
			name = "Shoe converterTests";
			productName = "Shoe converterTests";
			productReference = 74DA27341C9CA64F0032AE64 /* Shoe converterTests.xctest */;
			productType = "com.apple.product-type.bundle.unit-test";
		};
		74DA273E1C9CA64F0032AE64 /* Shoe converterUITests */ = {
			isa = PBXNativeTarget;
			buildConfigurationList = 74DA274E1C9CA64F0032AE64 /* Build configuration list for PBXNativeTarget "Shoe converterUITests" */;
			buildPhases = (
				74DA273B1C9CA64F0032AE64 /* Sources */,
				74DA273C1C9CA64F0032AE64 /* Frameworks */,
				74DA273D1C9CA64F0032AE64 /* Resources */,
			);
			buildRules = (
			);
			dependencies = (
				74DA27411C9CA64F0032AE64 /* PBXTargetDependency */,
			);
			name = "Shoe converterUITests";
			productName = "Shoe converterUITests";
			productReference = 74DA273F1C9CA64F0032AE64 /* Shoe converterUITests.xctest */;
			productType = "com.apple.product-type.bundle.ui-testing";
		};
/* End PBXNativeTarget section */

/* Begin PBXProject section */
		74DA27181C9CA64F0032AE64 /* Project object */ = {
			isa = PBXProject;
			attributes = {
				LastSwiftUpdateCheck = 0720;
				LastUpgradeCheck = 0720;
				ORGANIZATIONNAME = Diyora;
				TargetAttributes = {
					74DA271F1C9CA64F0032AE64 = {
						CreatedOnToolsVersion = 7.2;
					};
					74DA27331C9CA64F0032AE64 = {
						CreatedOnToolsVersion = 7.2;
						TestTargetID = 74DA271F1C9CA64F0032AE64;
					};
					74DA273E1C9CA64F0032AE64 = {
						CreatedOnToolsVersion = 7.2;
						TestTargetID = 74DA271F1C9CA64F0032AE64;
					};
				};
			};
			buildConfigurationList = 74DA271B1C9CA64F0032AE64 /* Build configuration list for PBXProject "Shoe converter" */;
			compatibilityVersion = "Xcode 3.2";
			developmentRegion = English;
			hasScannedForEncodings = 0;
			knownRegions = (
				en,
				Base,
			);
			mainGroup = 74DA27171C9CA64F0032AE64;
			productRefGroup = 74DA27211C9CA64F0032AE64 /* Products */;
			projectDirPath = "";
			projectRoot = "";
			targets = (
				74DA271F1C9CA64F0032AE64 /* Shoe converter */,
				74DA27331C9CA64F0032AE64 /* Shoe converterTests */,
				74DA273E1C9CA64F0032AE64 /* Shoe converterUITests */,
			);
		};
/* End PBXProject section */

/* Begin PBXResourcesBuildPhase section */
		74DA271E1C9CA64F0032AE64 /* Resources */ = {
			isa = PBXResourcesBuildPhase;
			buildActionMask = 2147483647;
			files = (
				74DA272E1C9CA64F0032AE64 /* LaunchScreen.storyboard in Resources */,
				74DA272B1C9CA64F0032AE64 /* Assets.xcassets in Resources */,
				74DA27291C9CA64F0032AE64 /* Main.storyboard in Resources */,
			);
			runOnlyForDeploymentPostprocessing = 0;
		};
		74DA27321C9CA64F0032AE64 /* Resources */ = {
			isa = PBXResourcesBuildPhase;
			buildActionMask = 2147483647;
			files = (
			);
			runOnlyForDeploymentPostprocessing = 0;
		};
		74DA273D1C9CA64F0032AE64 /* Resources */ = {
			isa = PBXResourcesBuildPhase;
			buildActionMask = 2147483647;
			files = (
			);
			runOnlyForDeploymentPostprocessing = 0;
		};
/* End PBXResourcesBuildPhase section */

/* Begin PBXSourcesBuildPhase section */
		74DA271C1C9CA64F0032AE64 /* Sources */ = {
			isa = PBXSourcesBuildPhase;
			buildActionMask = 2147483647;
			files = (
				74DA27261C9CA64F0032AE64 /* ViewController.swift in Sources */,
				74DA27241C9CA64F0032AE64 /* AppDelegate.swift in Sources */,
			);
			runOnlyForDeploymentPostprocessing = 0;
		};
		74DA27301C9CA64F0032AE64 /* Sources */ = {
			isa = PBXSourcesBuildPhase;
			buildActionMask = 2147483647;
			files = (
				74DA27391C9CA64F0032AE64 /* Shoe_converterTests.swift in Sources */,
			);
			runOnlyForDeploymentPostprocessing = 0;
		};
		74DA273B1C9CA64F0032AE64 /* Sources */ = {
			isa = PBXSourcesBuildPhase;
			buildActionMask = 2147483647;
			files = (
				74DA27441C9CA64F0032AE64 /* Shoe_converterUITests.swift in Sources */,
			);
			runOnlyForDeploymentPostprocessing = 0;
		};
/* End PBXSourcesBuildPhase section */

/* Begin PBXTargetDependency section */
		74DA27361C9CA64F0032AE64 /* PBXTargetDependency */ = {
			isa = PBXTargetDependency;
			target = 74DA271F1C9CA64F0032AE64 /* Shoe converter */;
			targetProxy = 74DA27351C9CA64F0032AE64 /* PBXContainerItemProxy */;
		};
		74DA27411C9CA64F0032AE64 /* PBXTargetDependency */ = {
			isa = PBXTargetDependency;
			target = 74DA271F1C9CA64F0032AE64 /* Shoe converter */;
			targetProxy = 74DA27401C9CA64F0032AE64 /* PBXContainerItemProxy */;
		};
/* End PBXTargetDependency section */

/* Begin PBXVariantGroup section */
		74DA27271C9CA64F0032AE64 /* Main.storyboard */ = {
			isa = PBXVariantGroup;
			children = (
				74DA27281C9CA64F0032AE64 /* Base */,
			);
			name = Main.storyboard;
			sourceTree = "<group>";
		};
		74DA272C1C9CA64F0032AE64 /* LaunchScreen.storyboard */ = {
			isa = PBXVariantGroup;
			children = (
				74DA272D1C9CA64F0032AE64 /* Base */,
			);
			name = LaunchScreen.storyboard;
			sourceTree = "<group>";
		};
/* End PBXVariantGroup section */

/* Begin XCBuildConfiguration section */
		74DA27461C9CA64F0032AE64 /* Debug */ = {
			isa = XCBuildConfiguration;
			buildSettings = {
				ALWAYS_SEARCH_USER_PATHS = NO;
				CLANG_CXX_LANGUAGE_STANDARD = "gnu++0x";
				CLANG_CXX_LIBRARY = "libc++";
				CLANG_ENABLE_MODULES = YES;
				CLANG_ENABLE_OBJC_ARC = YES;
				CLANG_WARN_BOOL_CONVERSION = YES;
				CLANG_WARN_CONSTANT_CONVERSION = YES;
				CLANG_WARN_DIRECT_OBJC_ISA_USAGE = YES_ERROR;
				CLANG_WARN_EMPTY_BODY = YES;
				CLANG_WARN_ENUM_CONVERSION = YES;
				CLANG_WARN_INT_CONVERSION = YES;
				CLANG_WARN_OBJC_ROOT_CLASS = YES_ERROR;
				CLANG_WARN_UNREACHABLE_CODE = YES;
				CLANG_WARN__DUPLICATE_METHOD_MATCH = YES;
				"CODE_SIGN_IDENTITY[sdk=iphoneos*]" = "iPhone Developer";
				COPY_PHASE_STRIP = NO;
				DEBUG_INFORMATION_FORMAT = dwarf;
				ENABLE_STRICT_OBJC_MSGSEND = YES;
				ENABLE_TESTABILITY = YES;
				GCC_C_LANGUAGE_STANDARD = gnu99;
				GCC_DYNAMIC_NO_PIC = NO;
				GCC_NO_COMMON_BLOCKS = YES;
				GCC_OPTIMIZATION_LEVEL = 0;
				GCC_PREPROCESSOR_DEFINITIONS = (
					"DEBUG=1",
					"$(inherited)",
				);
				GCC_WARN_64_TO_32_BIT_CONVERSION = YES;
				GCC_WARN_ABOUT_RETURN_TYPE = YES_ERROR;
				GCC_WARN_UNDECLARED_SELECTOR = YES;
				GCC_WARN_UNINITIALIZED_AUTOS = YES_AGGRESSIVE;
				GCC_WARN_UNUSED_FUNCTION = YES;
				GCC_WARN_UNUSED_VARIABLE = YES;
				IPHONEOS_DEPLOYMENT_TARGET = 9.2;
				MTL_ENABLE_DEBUG_INFO = YES;
				ONLY_ACTIVE_ARCH = YES;
				SDKROOT = iphoneos;
				SWIFT_OPTIMIZATION_LEVEL = "-Onone";
				TARGETED_DEVICE_FAMILY = "1,2";
			};
			name = Debug;
		};
		74DA27471C9CA64F0032AE64 /* Release */ = {
			isa = XCBuildConfiguration;
			buildSettings = {
				ALWAYS_SEARCH_USER_PATHS = NO;
				CLANG_CXX_LANGUAGE_STANDARD = "gnu++0x";
				CLANG_CXX_LIBRARY = "libc++";
				CLANG_ENABLE_MODULES = YES;
				CLANG_ENABLE_OBJC_ARC = YES;
				CLANG_WARN_BOOL_CONVERSION = YES;
				CLANG_WARN_CONSTANT_CONVERSION = YES;
				CLANG_WARN_DIRECT_OBJC_ISA_USAGE = YES_ERROR;
				CLANG_WARN_EMPTY_BODY = YES;
				CLANG_WARN_ENUM_CONVERSION = YES;
				CLANG_WARN_INT_CONVERSION = YES;
				CLANG_WARN_OBJC_ROOT_CLASS = YES_ERROR;
				CLANG_WARN_UNREACHABLE_CODE = YES;
				CLANG_WARN__DUPLICATE_METHOD_MATCH = YES;
				"CODE_SIGN_IDENTITY[sdk=iphoneos*]" = "iPhone Developer";
				COPY_PHASE_STRIP = NO;
				DEBUG_INFORMATION_FORMAT = "dwarf-with-dsym";
				ENABLE_NS_ASSERTIONS = NO;
				ENABLE_STRICT_OBJC_MSGSEND = YES;
				GCC_C_LANGUAGE_STANDARD = gnu99;
				GCC_NO_COMMON_BLOCKS = YES;
				GCC_WARN_64_TO_32_BIT_CONVERSION = YES;
				GCC_WARN_ABOUT_RETURN_TYPE = YES_ERROR;
				GCC_WARN_UNDECLARED_SELECTOR = YES;
				GCC_WARN_UNINITIALIZED_AUTOS = YES_AGGRESSIVE;
				GCC_WARN_UNUSED_FUNCTION = YES;
				GCC_WARN_UNUSED_VARIABLE = YES;
				IPHONEOS_DEPLOYMENT_TARGET = 9.2;
				MTL_ENABLE_DEBUG_INFO = NO;
				SDKROOT = iphoneos;
				TARGETED_DEVICE_FAMILY = "1,2";
				VALIDATE_PRODUCT = YES;
			};
			name = Release;
		};
		74DA27491C9CA64F0032AE64 /* Debug */ = {
			isa = XCBuildConfiguration;
			buildSettings = {
				ASSETCATALOG_COMPILER_APPICON_NAME = AppIcon;
				INFOPLIST_FILE = "Shoe converter/Info.plist";
				LD_RUNPATH_SEARCH_PATHS = "$(inherited) @executable_path/Frameworks";
				PRODUCT_BUNDLE_IDENTIFIER = "com.diyora.Shoe-converter";
				PRODUCT_NAME = "$(TARGET_NAME)";
			};
			name = Debug;
		};
		74DA274A1C9CA64F0032AE64 /* Release */ = {
			isa = XCBuildConfiguration;
			buildSettings = {
				ASSETCATALOG_COMPILER_APPICON_NAME = AppIcon;
				INFOPLIST_FILE = "Shoe converter/Info.plist";
				LD_RUNPATH_SEARCH_PATHS = "$(inherited) @executable_path/Frameworks";
				PRODUCT_BUNDLE_IDENTIFIER = "com.diyora.Shoe-converter";
				PRODUCT_NAME = "$(TARGET_NAME)";
			};
			name = Release;
		};
		74DA274C1C9CA64F0032AE64 /* Debug */ = {
			isa = XCBuildConfiguration;
			buildSettings = {
				BUNDLE_LOADER = "$(TEST_HOST)";
				INFOPLIST_FILE = "Shoe converterTests/Info.plist";
				LD_RUNPATH_SEARCH_PATHS = "$(inherited) @executable_path/Frameworks @loader_path/Frameworks";
				PRODUCT_BUNDLE_IDENTIFIER = "com.diyora.Shoe-converterTests";
				PRODUCT_NAME = "$(TARGET_NAME)";
				TEST_HOST = "$(BUILT_PRODUCTS_DIR)/Shoe converter.app/Shoe converter";
			};
			name = Debug;
		};
		74DA274D1C9CA64F0032AE64 /* Release */ = {
			isa = XCBuildConfiguration;
			buildSettings = {
				BUNDLE_LOADER = "$(TEST_HOST)";
				INFOPLIST_FILE = "Shoe converterTests/Info.plist";
				LD_RUNPATH_SEARCH_PATHS = "$(inherited) @executable_path/Frameworks @loader_path/Frameworks";
				PRODUCT_BUNDLE_IDENTIFIER = "com.diyora.Shoe-converterTests";
				PRODUCT_NAME = "$(TARGET_NAME)";
				TEST_HOST = "$(BUILT_PRODUCTS_DIR)/Shoe converter.app/Shoe converter";
			};
			name = Release;
		};
		74DA274F1C9CA64F0032AE64 /* Debug */ = {
			isa = XCBuildConfiguration;
			buildSettings = {
				INFOPLIST_FILE = "Shoe converterUITests/Info.plist";
				LD_RUNPATH_SEARCH_PATHS = "$(inherited) @executable_path/Frameworks @loader_path/Frameworks";
				PRODUCT_BUNDLE_IDENTIFIER = "com.diyora.Shoe-converterUITests";
				PRODUCT_NAME = "$(TARGET_NAME)";
				TEST_TARGET_NAME = "Shoe converter";
				USES_XCTRUNNER = YES;
			};
			name = Debug;
		};
		74DA27501C9CA64F0032AE64 /* Release */ = {
			isa = XCBuildConfiguration;
			buildSettings = {
				INFOPLIST_FILE = "Shoe converterUITests/Info.plist";
				LD_RUNPATH_SEARCH_PATHS = "$(inherited) @executable_path/Frameworks @loader_path/Frameworks";
				PRODUCT_BUNDLE_IDENTIFIER = "com.diyora.Shoe-converterUITests";
				PRODUCT_NAME = "$(TARGET_NAME)";
				TEST_TARGET_NAME = "Shoe converter";
				USES_XCTRUNNER = YES;
			};
			name = Release;
		};
/* End XCBuildConfiguration section */

/* Begin XCConfigurationList section */
		74DA271B1C9CA64F0032AE64 /* Build configuration list for PBXProject "Shoe converter" */ = {
			isa = XCConfigurationList;
			buildConfigurations = (
				74DA27461C9CA64F0032AE64 /* Debug */,
				74DA27471C9CA64F0032AE64 /* Release */,
			);
			defaultConfigurationIsVisible = 0;
			defaultConfigurationName = Release;
		};
		74DA27481C9CA64F0032AE64 /* Build configuration list for PBXNativeTarget "Shoe converter" */ = {
			isa = XCConfigurationList;
			buildConfigurations = (
				74DA27491C9CA64F0032AE64 /* Debug */,
				74DA274A1C9CA64F0032AE64 /* Release */,
			);
			defaultConfigurationIsVisible = 0;
		};
		74DA274B1C9CA64F0032AE64 /* Build configuration list for PBXNativeTarget "Shoe converterTests" */ = {
			isa = XCConfigurationList;
			buildConfigurations = (
				74DA274C1C9CA64F0032AE64 /* Debug */,
				74DA274D1C9CA64F0032AE64 /* Release */,
			);
			defaultConfigurationIsVisible = 0;
		};
		74DA274E1C9CA64F0032AE64 /* Build configuration list for PBXNativeTarget "Shoe converterUITests" */ = {
			isa = XCConfigurationList;
			buildConfigurations = (
				74DA274F1C9CA64F0032AE64 /* Debug */,
				74DA27501C9CA64F0032AE64 /* Release */,
			);
			defaultConfigurationIsVisible = 0;
		};
/* End XCConfigurationList section */
	};
	rootObject = 74DA27181C9CA64F0032AE64 /* Project object */;
}
